
Microsoft Visual Studio Solution File, Format Version 11.00
# Visual Studio 2010
Project("{FAE04EC0-301F-11D3-BF4B-00C04F79EFBC}") = "WCFProviderProxy.Web", "WCFProviderProxy.Web\WCFProviderProxy.Web.csproj", "{9E6FDB2C-3BA1-4965-BEFC-EA47BB8F1BF1}"
EndProject
Project("{FAE04EC0-301F-11D3-BF4B-00C04F79EFBC}") = "WCFProviderProxy.Host", "WCFProviderProxy.Host\WCFProviderProxy.Host.csproj", "{8E4DF554-5949-4634-B245-8758E3E93060}"
EndProject
Project("{FAE04EC0-301F-11D3-BF4B-00C04F79EFBC}") = "Sample.Web", "Sample.Web\Sample.Web.csproj", "{BB51B2E9-AFA8-47DB-ACD0-1DB914A72B19}"
EndProject
Global
	GlobalSection(SubversionScc) = preSolution
		Svn-Managed = True
		Manager = AnkhSVN - Subversion Support for Visual Studio
	EndGlobalSection
	GlobalSection(SolutionConfigurationPlatforms) = preSolution
		Debug|Any CPU = Debug|Any CPU
		Debug|Mixed Platforms = Debug|Mixed Platforms
		Debug|x86 = Debug|x86
		Release|Any CPU = Release|Any CPU
		Release|Mixed Platforms = Release|Mixed Platforms
		Release|x86 = Release|x86
	EndGlobalSection
	GlobalSection(ProjectConfigurationPlatforms) = postSolution
		{9E6FDB2C-3BA1-4965-BEFC-EA47BB8F1BF1}.Debug|Any CPU.ActiveCfg = Debug|Any CPU
		{9E6FDB2C-3BA1-4965-BEFC-EA47BB8F1BF1}.Debug|Any CPU.Build.0 = Debug|Any CPU
		{9E6FDB2C-3BA1-4965-BEFC-EA47BB8F1BF1}.Debug|Mixed Platforms.ActiveCfg = Debug|Any CPU
		{9E6FDB2C-3BA1-4965-BEFC-EA47BB8F1BF1}.Debug|Mixed Platforms.Build.0 = Debug|Any CPU
		{9E6FDB2C-3BA1-4965-BEFC-EA47BB8F1BF1}.Debug|x86.ActiveCfg = Debug|Any CPU
		{9E6FDB2C-3BA1-4965-BEFC-EA47BB8F1BF1}.Release|Any CPU.ActiveCfg = Release|Any CPU
		{9E6FDB2C-3BA1-4965-BEFC-EA47BB8F1BF1}.Release|Any CPU.Build.0 = Release|Any CPU
		{9E6FDB2C-3BA1-4965-BEFC-EA47BB8F1BF1}.Release|Mixed Platforms.ActiveCfg = Release|Any CPU
		{9E6FDB2C-3BA1-4965-BEFC-EA47BB8F1BF1}.Release|Mixed Platforms.Build.0 = Release|Any CPU
		{9E6FDB2C-3BA1-4965-BEFC-EA47BB8F1BF1}.Release|x86.ActiveCfg = Release|Any CPU
		{8E4DF554-5949-4634-B245-8758E3E93060}.Debug|Any CPU.ActiveCfg = Debug|Any CPU
		{8E4DF554-5949-4634-B245-8758E3E93060}.Debug|Any CPU.Build.0 = Debug|Any CPU
		{8E4DF554-5949-4634-B245-8758E3E93060}.Debug|Mixed Platforms.ActiveCfg = Debug|Any CPU
		{8E4DF554-5949-4634-B245-8758E3E93060}.Debug|Mixed Platforms.Build.0 = Debug|Any CPU
		{8E4DF554-5949-4634-B245-8758E3E93060}.Debug|x86.ActiveCfg = Debug|Any CPU
		{8E4DF554-5949-4634-B245-8758E3E93060}.Release|Any CPU.ActiveCfg = Release|Any CPU
		{8E4DF554-5949-4634-B245-8758E3E93060}.Release|Any CPU.Build.0 = Release|Any CPU
		{8E4DF554-5949-4634-B245-8758E3E93060}.Release|Mixed Platforms.ActiveCfg = Release|Any CPU
		{8E4DF554-5949-4634-B245-8758E3E93060}.Release|Mixed Platforms.Build.0 = Release|Any CPU
		{8E4DF554-5949-4634-B245-8758E3E93060}.Release|x86.ActiveCfg = Release|Any CPU
		{BB51B2E9-AFA8-47DB-ACD0-1DB914A72B19}.Debug|Any CPU.ActiveCfg = Debug|Any CPU
		{BB51B2E9-AFA8-47DB-ACD0-1DB914A72B19}.Debug|Any CPU.Build.0 = Debug|Any CPU
		{BB51B2E9-AFA8-47DB-ACD0-1DB914A72B19}.Debug|Mixed Platforms.ActiveCfg = Debug|Any CPU
		{BB51B2E9-AFA8-47DB-ACD0-1DB914A72B19}.Debug|Mixed Platforms.Build.0 = Debug|Any CPU
		{BB51B2E9-AFA8-47DB-ACD0-1DB914A72B19}.Debug|x86.ActiveCfg = Debug|Any CPU
		{BB51B2E9-AFA8-47DB-ACD0-1DB914A72B19}.Release|Any CPU.ActiveCfg = Release|Any CPU
		{BB51B2E9-AFA8-47DB-ACD0-1DB914A72B19}.Release|Any CPU.Build.0 = Release|Any CPU
		{BB51B2E9-AFA8-47DB-ACD0-1DB914A72B19}.Release|Mixed Platforms.ActiveCfg = Release|Any CPU
		{BB51B2E9-AFA8-47DB-ACD0-1DB914A72B19}.Release|Mixed Platforms.Build.0 = Release|Any CPU
		{BB51B2E9-AFA8-47DB-ACD0-1DB914A72B19}.Release|x86.ActiveCfg = Release|Any CPU
	EndGlobalSection
	GlobalSection(SolutionProperties) = preSolution
		HideSolutionNode = FALSE
	EndGlobalSection
EndGlobal
